
Microsoft Visual Studio Solution File, Format Version 12.00
# Visual Studio Version 16
VisualStudioVersion = 16.0.30804.86
MinimumVisualStudioVersion = 10.0.40219.1
Project("{9A19103F-16F7-4668-BE54-9A1E7A4F7556}") = "Kalkulator5.0", "Kalkulator5.0.csproj", "{53F884BC-CC54-4455-AC60-A986DE898653}"
EndProject
Project("{FAE04EC0-301F-11D3-BF4B-00C04F79EFBC}") = "CalculatorTests", "..\CalculatorTests\CalculatorTests.csproj", "{75AB0948-30B2-4EE3-90A1-036C9CCF7B58}"
EndProject
Global
	GlobalSection(SolutionConfigurationPlatforms) = preSolution
		Debug|Any CPU = Debug|Any CPU
		Release|Any CPU = Release|Any CPU
	EndGlobalSection
	GlobalSection(ProjectConfigurationPlatforms) = postSolution
		{53F884BC-CC54-4455-AC60-A986DE898653}.Debug|Any CPU.ActiveCfg = Debug|Any CPU
		{53F884BC-CC54-4455-AC60-A986DE898653}.Debug|Any CPU.Build.0 = Debug|Any CPU
		{53F884BC-CC54-4455-AC60-A986DE898653}.Release|Any CPU.ActiveCfg = Release|Any CPU
		{53F884BC-CC54-4455-AC60-A986DE898653}.Release|Any CPU.Build.0 = Release|Any CPU
		{75AB0948-30B2-4EE3-90A1-036C9CCF7B58}.Debug|Any CPU.ActiveCfg = Debug|Any CPU
		{75AB0948-30B2-4EE3-90A1-036C9CCF7B58}.Debug|Any CPU.Build.0 = Debug|Any CPU
		{75AB0948-30B2-4EE3-90A1-036C9CCF7B58}.Release|Any CPU.ActiveCfg = Release|Any CPU
		{75AB0948-30B2-4EE3-90A1-036C9CCF7B58}.Release|Any CPU.Build.0 = Release|Any CPU
	EndGlobalSection
	GlobalSection(SolutionProperties) = preSolution
		HideSolutionNode = FALSE
	EndGlobalSection
	GlobalSection(ExtensibilityGlobals) = postSolution
		SolutionGuid = {CDE16E9E-6410-4131-9110-3A0E098FF0B2}
	EndGlobalSection
EndGlobal
